// !$*UTF8*$!
{
	archiveVersion = 1;
	classes = {
	};
	objectVersion = 46;
	objects = {

/* Begin PBXBuildFile section */
		C6C5CD7F1ED5F6FB0060D797 /* AppDelegate.swift in Sources */ = {isa = PBXBuildFile; fileRef = C6C5CD7E1ED5F6FB0060D797 /* AppDelegate.swift */; };
		C6C5CD811ED5F6FB0060D797 /* ViewController.swift in Sources */ = {isa = PBXBuildFile; fileRef = C6C5CD801ED5F6FB0060D797 /* ViewController.swift */; };
		C6C5CD841ED5F6FB0060D797 /* Main.storyboard in Resources */ = {isa = PBXBuildFile; fileRef = C6C5CD821ED5F6FB0060D797 /* Main.storyboard */; };
		C6C5CD861ED5F6FB0060D797 /* Assets.xcassets in Resources */ = {isa = PBXBuildFile; fileRef = C6C5CD851ED5F6FB0060D797 /* Assets.xcassets */; };
		C6C5CD891ED5F6FB0060D797 /* LaunchScreen.storyboard in Resources */ = {isa = PBXBuildFile; fileRef = C6C5CD871ED5F6FB0060D797 /* LaunchScreen.storyboard */; };
		C6F4FA4B1ED5FE670015E12D /* QuillSamples.swift in Sources */ = {isa = PBXBuildFile; fileRef = C6F4FA4A1ED5FE670015E12D /* QuillSamples.swift */; };
/* End PBXBuildFile section */

/* Begin PBXFileReference section */
		C6C5CD7B1ED5F6FB0060D797 /* quill_rich_text_editor.app */ = {isa = PBXFileReference; explicitFileType = wrapper.application; includeInIndex = 0; path = quill_rich_text_editor.app; sourceTree = BUILT_PRODUCTS_DIR; };
		C6C5CD7E1ED5F6FB0060D797 /* AppDelegate.swift */ = {isa = PBXFileReference; lastKnownFileType = sourcecode.swift; path = AppDelegate.swift; sourceTree = "<group>"; };
		C6C5CD801ED5F6FB0060D797 /* ViewController.swift */ = {isa = PBXFileReference; lastKnownFileType = sourcecode.swift; path = ViewController.swift; sourceTree = "<group>"; };
		C6C5CD831ED5F6FB0060D797 /* Base */ = {isa = PBXFileReference; lastKnownFileType = file.storyboard; name = Base; path = Base.lproj/Main.storyboard; sourceTree = "<group>"; };
		C6C5CD851ED5F6FB0060D797 /* Assets.xcassets */ = {isa = PBXFileReference; lastKnownFileType = folder.assetcatalog; path = Assets.xcassets; sourceTree = "<group>"; };
		C6C5CD881ED5F6FB0060D797 /* Base */ = {isa = PBXFileReference; lastKnownFileType = file.storyboard; name = Base; path = Base.lproj/LaunchScreen.storyboard; sourceTree = "<group>"; };
		C6C5CD8A1ED5F6FB0060D797 /* Info.plist */ = {isa = PBXFileReference; lastKnownFileType = text.plist.xml; path = Info.plist; sourceTree = "<group>"; };
		C6F4FA4A1ED5FE670015E12D /* QuillSamples.swift */ = {isa = PBXFileReference; fileEncoding = 4; lastKnownFileType = sourcecode.swift; path = QuillSamples.swift; sourceTree = "<group>"; };
/* End PBXFileReference section */

/* Begin PBXFrameworksBuildPhase section */
		C6C5CD781ED5F6FB0060D797 /* Frameworks */ = {
			isa = PBXFrameworksBuildPhase;
			buildActionMask = 2147483647;
			files = (
			);
			runOnlyForDeploymentPostprocessing = 0;
		};
/* End PBXFrameworksBuildPhase section */

/* Begin PBXGroup section */
		C6C5CD721ED5F6FB0060D797 = {
			isa = PBXGroup;
			children = (
				C6C5CD7D1ED5F6FB0060D797 /* quill_rich_text_editor */,
				C6C5CD7C1ED5F6FB0060D797 /* Products */,
			);
			sourceTree = "<group>";
		};
		C6C5CD7C1ED5F6FB0060D797 /* Products */ = {
			isa = PBXGroup;
			children = (
				C6C5CD7B1ED5F6FB0060D797 /* quill_rich_text_editor.app */,
			);
			name = Products;
			sourceTree = "<group>";
		};
		C6C5CD7D1ED5F6FB0060D797 /* quill_rich_text_editor */ = {
			isa = PBXGroup;
			children = (
				C6C5CD7E1ED5F6FB0060D797 /* AppDelegate.swift */,
				C6C5CD801ED5F6FB0060D797 /* ViewController.swift */,
				C6F4FA4A1ED5FE670015E12D /* QuillSamples.swift */,
				C6C5CD821ED5F6FB0060D797 /* Main.storyboard */,
				C6C5CD851ED5F6FB0060D797 /* Assets.xcassets */,
				C6C5CD871ED5F6FB0060D797 /* LaunchScreen.storyboard */,
				C6C5CD8A1ED5F6FB0060D797 /* Info.plist */,
			);
			path = quill_rich_text_editor;
			sourceTree = "<group>";
		};
/* End PBXGroup section */

/* Begin PBXNativeTarget section */
		C6C5CD7A1ED5F6FB0060D797 /* quill_rich_text_editor */ = {
			isa = PBXNativeTarget;
			buildConfigurationList = C6C5CD8D1ED5F6FB0060D797 /* Build configuration list for PBXNativeTarget "quill_rich_text_editor" */;
			buildPhases = (
				C6C5CD771ED5F6FB0060D797 /* Sources */,
				C6C5CD781ED5F6FB0060D797 /* Frameworks */,
				C6C5CD791ED5F6FB0060D797 /* Resources */,
			);
			buildRules = (
			);
			dependencies = (
			);
			name = quill_rich_text_editor;
			productName = quill_rich_text_editor;
			productReference = C6C5CD7B1ED5F6FB0060D797 /* quill_rich_text_editor.app */;
			productType = "com.apple.product-type.application";
		};
/* End PBXNativeTarget section */

/* Begin PBXProject section */
		C6C5CD731ED5F6FB0060D797 /* Project object */ = {
			isa = PBXProject;
			attributes = {
				LastSwiftUpdateCheck = 0830;
				LastUpgradeCheck = 0830;
				ORGANIZATIONNAME = "Josh O'COnnor";
				TargetAttributes = {
					C6C5CD7A1ED5F6FB0060D797 = {
						CreatedOnToolsVersion = 8.3.2;
						DevelopmentTeam = U6BCJ33M36;
						ProvisioningStyle = Automatic;
					};
				};
			};
			buildConfigurationList = C6C5CD761ED5F6FB0060D797 /* Build configuration list for PBXProject "quill_rich_text_editor" */;
			compatibilityVersion = "Xcode 3.2";
			developmentRegion = English;
			hasScannedForEncodings = 0;
			knownRegions = (
				en,
				Base,
			);
			mainGroup = C6C5CD721ED5F6FB0060D797;
			productRefGroup = C6C5CD7C1ED5F6FB0060D797 /* Products */;
			projectDirPath = "";
			projectRoot = "";
			targets = (
				C6C5CD7A1ED5F6FB0060D797 /* quill_rich_text_editor */,
			);
		};
/* End PBXProject section */

/* Begin PBXResourcesBuildPhase section */
		C6C5CD791ED5F6FB0060D797 /* Resources */ = {
			isa = PBXResourcesBuildPhase;
			buildActionMask = 2147483647;
			files = (
				C6C5CD891ED5F6FB0060D797 /* LaunchScreen.storyboard in Resources */,
				C6C5CD861ED5F6FB0060D797 /* Assets.xcassets in Resources */,
				C6C5CD841ED5F6FB0060D797 /* Main.storyboard in Resources */,
			);
			runOnlyForDeploymentPostprocessing = 0;
		};
/* End PBXResourcesBuildPhase section */

/* Begin PBXSourcesBuildPhase section */
		C6C5CD771ED5F6FB0060D797 /* Sources */ = {
			isa = PBXSourcesBuildPhase;
			buildActionMask = 2147483647;
			files = (
				C6F4FA4B1ED5FE670015E12D /* QuillSamples.swift in Sources */,
				C6C5CD811ED5F6FB0060D797 /* ViewController.swift in Sources */,
				C6C5CD7F1ED5F6FB0060D797 /* AppDelegate.swift in Sources */,
			);
			runOnlyForDeploymentPostprocessing = 0;
		};
/* End PBXSourcesBuildPhase section */

/* Begin PBXVariantGroup section */
		C6C5CD821ED5F6FB0060D797 /* Main.storyboard */ = {
			isa = PBXVariantGroup;
			children = (
				C6C5CD831ED5F6FB0060D797 /* Base */,
			);
			name = Main.storyboard;
			sourceTree = "<group>";
		};
		C6C5CD871ED5F6FB0060D797 /* LaunchScreen.storyboard */ = {
			isa = PBXVariantGroup;
			children = (
				C6C5CD881ED5F6FB0060D797 /* Base */,
			);
			name = LaunchScreen.storyboard;
			sourceTree = "<group>";
		};
/* End PBXVariantGroup section */

/* Begin XCBuildConfiguration section */
		C6C5CD8B1ED5F6FB0060D797 /* Debug */ = {
			isa = XCBuildConfiguration;
			buildSettings = {
				ALWAYS_SEARCH_USER_PATHS = NO;
				CLANG_ANALYZER_NONNULL = YES;
				CLANG_ANALYZER_NUMBER_OBJECT_CONVERSION = YES_AGGRESSIVE;
				CLANG_CXX_LANGUAGE_STANDARD = "gnu++0x";
				CLANG_CXX_LIBRARY = "libc++";
				CLANG_ENABLE_MODULES = YES;
				CLANG_ENABLE_OBJC_ARC = YES;
				CLANG_WARN_BOOL_CONVERSION = YES;
				CLANG_WARN_CONSTANT_CONVERSION = YES;
				CLANG_WARN_DIRECT_OBJC_ISA_USAGE = YES_ERROR;
				CLANG_WARN_DOCUMENTATION_COMMENTS = YES;
				CLANG_WARN_EMPTY_BODY = YES;
				CLANG_WARN_ENUM_CONVERSION = YES;
				CLANG_WARN_INFINITE_RECURSION = YES;
				CLANG_WARN_INT_CONVERSION = YES;
				CLANG_WARN_OBJC_ROOT_CLASS = YES_ERROR;
				CLANG_WARN_SUSPICIOUS_MOVE = YES;
				CLANG_WARN_UNREACHABLE_CODE = YES;
				CLANG_WARN__DUPLICATE_METHOD_MATCH = YES;
				"CODE_SIGN_IDENTITY[sdk=iphoneos*]" = "iPhone Developer";
				COPY_PHASE_STRIP = NO;
				DEBUG_INFORMATION_FORMAT = dwarf;
				ENABLE_STRICT_OBJC_MSGSEND = YES;
				ENABLE_TESTABILITY = YES;
				GCC_C_LANGUAGE_STANDARD = gnu99;
				GCC_DYNAMIC_NO_PIC = NO;
				GCC_NO_COMMON_BLOCKS = YES;
				GCC_OPTIMIZATION_LEVEL = 0;
				GCC_PREPROCESSOR_DEFINITIONS = (
					"DEBUG=1",
					"$(inherited)",
				);
				GCC_WARN_64_TO_32_BIT_CONVERSION = YES;
				GCC_WARN_ABOUT_RETURN_TYPE = YES_ERROR;
				GCC_WARN_UNDECLARED_SELECTOR = YES;
				GCC_WARN_UNINITIALIZED_AUTOS = YES_AGGRESSIVE;
				GCC_WARN_UNUSED_FUNCTION = YES;
				GCC_WARN_UNUSED_VARIABLE = YES;
				IPHONEOS_DEPLOYMENT_TARGET = 10.3;
				MTL_ENABLE_DEBUG_INFO = YES;
				ONLY_ACTIVE_ARCH = YES;
				SDKROOT = iphoneos;
				SWIFT_ACTIVE_COMPILATION_CONDITIONS = DEBUG;
				SWIFT_OPTIMIZATION_LEVEL = "-Onone";
				TARGETED_DEVICE_FAMILY = "1,2";
			};
			name = Debug;
		};
		C6C5CD8C1ED5F6FB0060D797 /* Release */ = {
			isa = XCBuildConfiguration;
			buildSettings = {
				ALWAYS_SEARCH_USER_PATHS = NO;
				CLANG_ANALYZER_NONNULL = YES;
				CLANG_ANALYZER_NUMBER_OBJECT_CONVERSION = YES_AGGRESSIVE;
				CLANG_CXX_LANGUAGE_STANDARD = "gnu++0x";
				CLANG_CXX_LIBRARY = "libc++";
				CLANG_ENABLE_MODULES = YES;
				CLANG_ENABLE_OBJC_ARC = YES;
				CLANG_WARN_BOOL_CONVERSION = YES;
				CLANG_WARN_CONSTANT_CONVERSION = YES;
				CLANG_WARN_DIRECT_OBJC_ISA_USAGE = YES_ERROR;
				CLANG_WARN_DOCUMENTATION_COMMENTS = YES;
				CLANG_WARN_EMPTY_BODY = YES;
				CLANG_WARN_ENUM_CONVERSION = YES;
				CLANG_WARN_INFINITE_RECURSION = YES;
				CLANG_WARN_INT_CONVERSION = YES;
				CLANG_WARN_OBJC_ROOT_CLASS = YES_ERROR;
				CLANG_WARN_SUSPICIOUS_MOVE = YES;
				CLANG_WARN_UNREACHABLE_CODE = YES;
				CLANG_WARN__DUPLICATE_METHOD_MATCH = YES;
				"CODE_SIGN_IDENTITY[sdk=iphoneos*]" = "iPhone Developer";
				COPY_PHASE_STRIP = NO;
				DEBUG_INFORMATION_FORMAT = "dwarf-with-dsym";
				ENABLE_NS_ASSERTIONS = NO;
				ENABLE_STRICT_OBJC_MSGSEND = YES;
				GCC_C_LANGUAGE_STANDARD = gnu99;
				GCC_NO_COMMON_BLOCKS = YES;
				GCC_WARN_64_TO_32_BIT_CONVERSION = YES;
				GCC_WARN_ABOUT_RETURN_TYPE = YES_ERROR;
				GCC_WARN_UNDECLARED_SELECTOR = YES;
				GCC_WARN_UNINITIALIZED_AUTOS = YES_AGGRESSIVE;
				GCC_WARN_UNUSED_FUNCTION = YES;
				GCC_WARN_UNUSED_VARIABLE = YES;
				IPHONEOS_DEPLOYMENT_TARGET = 10.3;
				MTL_ENABLE_DEBUG_INFO = NO;
				SDKROOT = iphoneos;
				SWIFT_OPTIMIZATION_LEVEL = "-Owholemodule";
				TARGETED_DEVICE_FAMILY = "1,2";
				VALIDATE_PRODUCT = YES;
			};
			name = Release;
		};
		C6C5CD8E1ED5F6FB0060D797 /* Debug */ = {
			isa = XCBuildConfiguration;
			buildSettings = {
				ASSETCATALOG_COMPILER_APPICON_NAME = AppIcon;
				DEVELOPMENT_TEAM = U6BCJ33M36;
				INFOPLIST_FILE = quill_rich_text_editor/Info.plist;
				LD_RUNPATH_SEARCH_PATHS = "$(inherited) @executable_path/Frameworks";
				PRODUCT_BUNDLE_IDENTIFIER = "com.joshoconnor.quill-rich-text-editor";
				PRODUCT_NAME = "$(TARGET_NAME)";
				SWIFT_VERSION = 3.0;
			};
			name = Debug;
		};
		C6C5CD8F1ED5F6FB0060D797 /* Release */ = {
			isa = XCBuildConfiguration;
			buildSettings = {
				ASSETCATALOG_COMPILER_APPICON_NAME = AppIcon;
				DEVELOPMENT_TEAM = U6BCJ33M36;
				INFOPLIST_FILE = quill_rich_text_editor/Info.plist;
				LD_RUNPATH_SEARCH_PATHS = "$(inherited) @executable_path/Frameworks";
				PRODUCT_BUNDLE_IDENTIFIER = "com.joshoconnor.quill-rich-text-editor";
				PRODUCT_NAME = "$(TARGET_NAME)";
				SWIFT_VERSION = 3.0;
			};
			name = Release;
		};
/* End XCBuildConfiguration section */

/* Begin XCConfigurationList section */
		C6C5CD761ED5F6FB0060D797 /* Build configuration list for PBXProject "quill_rich_text_editor" */ = {
			isa = XCConfigurationList;
			buildConfigurations = (
				C6C5CD8B1ED5F6FB0060D797 /* Debug */,
				C6C5CD8C1ED5F6FB0060D797 /* Release */,
			);
			defaultConfigurationIsVisible = 0;
			defaultConfigurationName = Release;
		};
		C6C5CD8D1ED5F6FB0060D797 /* Build configuration list for PBXNativeTarget "quill_rich_text_editor" */ = {
			isa = XCConfigurationList;
			buildConfigurations = (
				C6C5CD8E1ED5F6FB0060D797 /* Debug */,
				C6C5CD8F1ED5F6FB0060D797 /* Release */,
			);
			defaultConfigurationIsVisible = 0;
			defaultConfigurationName = Release;
		};
/* End XCConfigurationList section */
	};
	rootObject = C6C5CD731ED5F6FB0060D797 /* Project object */;
}
